// !$*UTF8*$!
{
	archiveVersion = 1;
	classes = {
	};
	objectVersion = 55;
	objects = {

/* Begin PBXBuildFile section */
		C3DE5DE6275B942D00AB3BCA /* AppDelegate.swift in Sources */ = {isa = PBXBuildFile; fileRef = C3DE5DE5275B942D00AB3BCA /* AppDelegate.swift */; };
		C3DE5DE8275B942D00AB3BCA /* SceneDelegate.swift in Sources */ = {isa = PBXBuildFile; fileRef = C3DE5DE7275B942D00AB3BCA /* SceneDelegate.swift */; };
		C3DE5DEA275B942D00AB3BCA /* ViewController.swift in Sources */ = {isa = PBXBuildFile; fileRef = C3DE5DE9275B942D00AB3BCA /* ViewController.swift */; };
		C3DE5DED275B942D00AB3BCA /* Main.storyboard in Resources */ = {isa = PBXBuildFile; fileRef = C3DE5DEB275B942D00AB3BCA /* Main.storyboard */; };
		C3DE5DEF275B943000AB3BCA /* Assets.xcassets in Resources */ = {isa = PBXBuildFile; fileRef = C3DE5DEE275B943000AB3BCA /* Assets.xcassets */; };
		C3DE5DF2275B943000AB3BCA /* LaunchScreen.storyboard in Resources */ = {isa = PBXBuildFile; fileRef = C3DE5DF0275B943000AB3BCA /* LaunchScreen.storyboard */; };
		C3DE5DFD275B943100AB3BCA /* TicTacToeTests.swift in Sources */ = {isa = PBXBuildFile; fileRef = C3DE5DFC275B943100AB3BCA /* TicTacToeTests.swift */; };
		C3DE5E07275B943100AB3BCA /* TicTacToeUITests.swift in Sources */ = {isa = PBXBuildFile; fileRef = C3DE5E06275B943100AB3BCA /* TicTacToeUITests.swift */; };
		C3DE5E09275B943100AB3BCA /* TicTacToeUITestsLaunchTests.swift in Sources */ = {isa = PBXBuildFile; fileRef = C3DE5E08275B943100AB3BCA /* TicTacToeUITestsLaunchTests.swift */; };
/* End PBXBuildFile section */

/* Begin PBXContainerItemProxy section */
		C3DE5DF9275B943100AB3BCA /* PBXContainerItemProxy */ = {
			isa = PBXContainerItemProxy;
			containerPortal = C3DE5DDA275B942D00AB3BCA /* Project object */;
			proxyType = 1;
			remoteGlobalIDString = C3DE5DE1275B942D00AB3BCA;
			remoteInfo = TicTacToe;
		};
		C3DE5E03275B943100AB3BCA /* PBXContainerItemProxy */ = {
			isa = PBXContainerItemProxy;
			containerPortal = C3DE5DDA275B942D00AB3BCA /* Project object */;
			proxyType = 1;
			remoteGlobalIDString = C3DE5DE1275B942D00AB3BCA;
			remoteInfo = TicTacToe;
		};
/* End PBXContainerItemProxy section */

/* Begin PBXFileReference section */
		C3DE5DE2275B942D00AB3BCA /* TicTacToe.app */ = {isa = PBXFileReference; explicitFileType = wrapper.application; includeInIndex = 0; path = TicTacToe.app; sourceTree = BUILT_PRODUCTS_DIR; };
		C3DE5DE5275B942D00AB3BCA /* AppDelegate.swift */ = {isa = PBXFileReference; lastKnownFileType = sourcecode.swift; path = AppDelegate.swift; sourceTree = "<group>"; };
		C3DE5DE7275B942D00AB3BCA /* SceneDelegate.swift */ = {isa = PBXFileReference; lastKnownFileType = sourcecode.swift; path = SceneDelegate.swift; sourceTree = "<group>"; };
		C3DE5DE9275B942D00AB3BCA /* ViewController.swift */ = {isa = PBXFileReference; lastKnownFileType = sourcecode.swift; path = ViewController.swift; sourceTree = "<group>"; };
		C3DE5DEC275B942D00AB3BCA /* Base */ = {isa = PBXFileReference; lastKnownFileType = file.storyboard; name = Base; path = Base.lproj/Main.storyboard; sourceTree = "<group>"; };
		C3DE5DEE275B943000AB3BCA /* Assets.xcassets */ = {isa = PBXFileReference; lastKnownFileType = folder.assetcatalog; path = Assets.xcassets; sourceTree = "<group>"; };
		C3DE5DF1275B943000AB3BCA /* Base */ = {isa = PBXFileReference; lastKnownFileType = file.storyboard; name = Base; path = Base.lproj/LaunchScreen.storyboard; sourceTree = "<group>"; };
		C3DE5DF3275B943000AB3BCA /* Info.plist */ = {isa = PBXFileReference; lastKnownFileType = text.plist.xml; path = Info.plist; sourceTree = "<group>"; };
		C3DE5DF8275B943100AB3BCA /* TicTacToeTests.xctest */ = {isa = PBXFileReference; explicitFileType = wrapper.cfbundle; includeInIndex = 0; path = TicTacToeTests.xctest; sourceTree = BUILT_PRODUCTS_DIR; };
		C3DE5DFC275B943100AB3BCA /* TicTacToeTests.swift */ = {isa = PBXFileReference; lastKnownFileType = sourcecode.swift; path = TicTacToeTests.swift; sourceTree = "<group>"; };
		C3DE5E02275B943100AB3BCA /* TicTacToeUITests.xctest */ = {isa = PBXFileReference; explicitFileType = wrapper.cfbundle; includeInIndex = 0; path = TicTacToeUITests.xctest; sourceTree = BUILT_PRODUCTS_DIR; };
		C3DE5E06275B943100AB3BCA /* TicTacToeUITests.swift */ = {isa = PBXFileReference; lastKnownFileType = sourcecode.swift; path = TicTacToeUITests.swift; sourceTree = "<group>"; };
		C3DE5E08275B943100AB3BCA /* TicTacToeUITestsLaunchTests.swift */ = {isa = PBXFileReference; lastKnownFileType = sourcecode.swift; path = TicTacToeUITestsLaunchTests.swift; sourceTree = "<group>"; };
/* End PBXFileReference section */

/* Begin PBXFrameworksBuildPhase section */
		C3DE5DDF275B942D00AB3BCA /* Frameworks */ = {
			isa = PBXFrameworksBuildPhase;
			buildActionMask = 2147483647;
			files = (
			);
			runOnlyForDeploymentPostprocessing = 0;
		};
		C3DE5DF5275B943100AB3BCA /* Frameworks */ = {
			isa = PBXFrameworksBuildPhase;
			buildActionMask = 2147483647;
			files = (
			);
			runOnlyForDeploymentPostprocessing = 0;
		};
		C3DE5DFF275B943100AB3BCA /* Frameworks */ = {
			isa = PBXFrameworksBuildPhase;
			buildActionMask = 2147483647;
			files = (
			);
			runOnlyForDeploymentPostprocessing = 0;
		};
/* End PBXFrameworksBuildPhase section */

/* Begin PBXGroup section */
		C3DE5DD9275B942D00AB3BCA = {
			isa = PBXGroup;
			children = (
				C3DE5DE4275B942D00AB3BCA /* TicTacToe */,
				C3DE5DFB275B943100AB3BCA /* TicTacToeTests */,
				C3DE5E05275B943100AB3BCA /* TicTacToeUITests */,
				C3DE5DE3275B942D00AB3BCA /* Products */,
			);
			sourceTree = "<group>";
		};
		C3DE5DE3275B942D00AB3BCA /* Products */ = {
			isa = PBXGroup;
			children = (
				C3DE5DE2275B942D00AB3BCA /* TicTacToe.app */,
				C3DE5DF8275B943100AB3BCA /* TicTacToeTests.xctest */,
				C3DE5E02275B943100AB3BCA /* TicTacToeUITests.xctest */,
			);
			name = Products;
			sourceTree = "<group>";
		};
		C3DE5DE4275B942D00AB3BCA /* TicTacToe */ = {
			isa = PBXGroup;
			children = (
				C3DE5DE5275B942D00AB3BCA /* AppDelegate.swift */,
				C3DE5DE7275B942D00AB3BCA /* SceneDelegate.swift */,
				C3DE5DE9275B942D00AB3BCA /* ViewController.swift */,
				C3DE5DEB275B942D00AB3BCA /* Main.storyboard */,
				C3DE5DEE275B943000AB3BCA /* Assets.xcassets */,
				C3DE5DF0275B943000AB3BCA /* LaunchScreen.storyboard */,
				C3DE5DF3275B943000AB3BCA /* Info.plist */,
			);
			path = TicTacToe;
			sourceTree = "<group>";
		};
		C3DE5DFB275B943100AB3BCA /* TicTacToeTests */ = {
			isa = PBXGroup;
			children = (
				C3DE5DFC275B943100AB3BCA /* TicTacToeTests.swift */,
			);
			path = TicTacToeTests;
			sourceTree = "<group>";
		};
		C3DE5E05275B943100AB3BCA /* TicTacToeUITests */ = {
			isa = PBXGroup;
			children = (
				C3DE5E06275B943100AB3BCA /* TicTacToeUITests.swift */,
				C3DE5E08275B943100AB3BCA /* TicTacToeUITestsLaunchTests.swift */,
			);
			path = TicTacToeUITests;
			sourceTree = "<group>";
		};
/* End PBXGroup section */

/* Begin PBXNativeTarget section */
		C3DE5DE1275B942D00AB3BCA /* TicTacToe */ = {
			isa = PBXNativeTarget;
			buildConfigurationList = C3DE5E0C275B943100AB3BCA /* Build configuration list for PBXNativeTarget "TicTacToe" */;
			buildPhases = (
				C3DE5DDE275B942D00AB3BCA /* Sources */,
				C3DE5DDF275B942D00AB3BCA /* Frameworks */,
				C3DE5DE0275B942D00AB3BCA /* Resources */,
			);
			buildRules = (
			);
			dependencies = (
			);
			name = TicTacToe;
			productName = TicTacToe;
			productReference = C3DE5DE2275B942D00AB3BCA /* TicTacToe.app */;
			productType = "com.apple.product-type.application";
		};
		C3DE5DF7275B943100AB3BCA /* TicTacToeTests */ = {
			isa = PBXNativeTarget;
			buildConfigurationList = C3DE5E0F275B943100AB3BCA /* Build configuration list for PBXNativeTarget "TicTacToeTests" */;
			buildPhases = (
				C3DE5DF4275B943100AB3BCA /* Sources */,
				C3DE5DF5275B943100AB3BCA /* Frameworks */,
				C3DE5DF6275B943100AB3BCA /* Resources */,
			);
			buildRules = (
			);
			dependencies = (
				C3DE5DFA275B943100AB3BCA /* PBXTargetDependency */,
			);
			name = TicTacToeTests;
			productName = TicTacToeTests;
			productReference = C3DE5DF8275B943100AB3BCA /* TicTacToeTests.xctest */;
			productType = "com.apple.product-type.bundle.unit-test";
		};
		C3DE5E01275B943100AB3BCA /* TicTacToeUITests */ = {
			isa = PBXNativeTarget;
			buildConfigurationList = C3DE5E12275B943100AB3BCA /* Build configuration list for PBXNativeTarget "TicTacToeUITests" */;
			buildPhases = (
				C3DE5DFE275B943100AB3BCA /* Sources */,
				C3DE5DFF275B943100AB3BCA /* Frameworks */,
				C3DE5E00275B943100AB3BCA /* Resources */,
			);
			buildRules = (
			);
			dependencies = (
				C3DE5E04275B943100AB3BCA /* PBXTargetDependency */,
			);
			name = TicTacToeUITests;
			productName = TicTacToeUITests;
			productReference = C3DE5E02275B943100AB3BCA /* TicTacToeUITests.xctest */;
			productType = "com.apple.product-type.bundle.ui-testing";
		};
/* End PBXNativeTarget section */

/* Begin PBXProject section */
		C3DE5DDA275B942D00AB3BCA /* Project object */ = {
			isa = PBXProject;
			attributes = {
				BuildIndependentTargetsInParallel = 1;
				LastSwiftUpdateCheck = 1310;
				LastUpgradeCheck = 1310;
				TargetAttributes = {
					C3DE5DE1275B942D00AB3BCA = {
						CreatedOnToolsVersion = 13.1;
					};
					C3DE5DF7275B943100AB3BCA = {
						CreatedOnToolsVersion = 13.1;
						TestTargetID = C3DE5DE1275B942D00AB3BCA;
					};
					C3DE5E01275B943100AB3BCA = {
						CreatedOnToolsVersion = 13.1;
						TestTargetID = C3DE5DE1275B942D00AB3BCA;
					};
				};
			};
			buildConfigurationList = C3DE5DDD275B942D00AB3BCA /* Build configuration list for PBXProject "TicTacToe" */;
			compatibilityVersion = "Xcode 13.0";
			developmentRegion = en;
			hasScannedForEncodings = 0;
			knownRegions = (
				en,
				Base,
			);
			mainGroup = C3DE5DD9275B942D00AB3BCA;
			productRefGroup = C3DE5DE3275B942D00AB3BCA /* Products */;
			projectDirPath = "";
			projectRoot = "";
			targets = (
				C3DE5DE1275B942D00AB3BCA /* TicTacToe */,
				C3DE5DF7275B943100AB3BCA /* TicTacToeTests */,
				C3DE5E01275B943100AB3BCA /* TicTacToeUITests */,
			);
		};
/* End PBXProject section */

/* Begin PBXResourcesBuildPhase section */
		C3DE5DE0275B942D00AB3BCA /* Resources */ = {
			isa = PBXResourcesBuildPhase;
			buildActionMask = 2147483647;
			files = (
				C3DE5DF2275B943000AB3BCA /* LaunchScreen.storyboard in Resources */,
				C3DE5DEF275B943000AB3BCA /* Assets.xcassets in Resources */,
				C3DE5DED275B942D00AB3BCA /* Main.storyboard in Resources */,
			);
			runOnlyForDeploymentPostprocessing = 0;
		};
		C3DE5DF6275B943100AB3BCA /* Resources */ = {
			isa = PBXResourcesBuildPhase;
			buildActionMask = 2147483647;
			files = (
			);
			runOnlyForDeploymentPostprocessing = 0;
		};
		C3DE5E00275B943100AB3BCA /* Resources */ = {
			isa = PBXResourcesBuildPhase;
			buildActionMask = 2147483647;
			files = (
			);
			runOnlyForDeploymentPostprocessing = 0;
		};
/* End PBXResourcesBuildPhase section */

/* Begin PBXSourcesBuildPhase section */
		C3DE5DDE275B942D00AB3BCA /* Sources */ = {
			isa = PBXSourcesBuildPhase;
			buildActionMask = 2147483647;
			files = (
				C3DE5DEA275B942D00AB3BCA /* ViewController.swift in Sources */,
				C3DE5DE6275B942D00AB3BCA /* AppDelegate.swift in Sources */,
				C3DE5DE8275B942D00AB3BCA /* SceneDelegate.swift in Sources */,
			);
			runOnlyForDeploymentPostprocessing = 0;
		};
		C3DE5DF4275B943100AB3BCA /* Sources */ = {
			isa = PBXSourcesBuildPhase;
			buildActionMask = 2147483647;
			files = (
				C3DE5DFD275B943100AB3BCA /* TicTacToeTests.swift in Sources */,
			);
			runOnlyForDeploymentPostprocessing = 0;
		};
		C3DE5DFE275B943100AB3BCA /* Sources */ = {
			isa = PBXSourcesBuildPhase;
			buildActionMask = 2147483647;
			files = (
				C3DE5E07275B943100AB3BCA /* TicTacToeUITests.swift in Sources */,
				C3DE5E09275B943100AB3BCA /* TicTacToeUITestsLaunchTests.swift in Sources */,
			);
			runOnlyForDeploymentPostprocessing = 0;
		};
/* End PBXSourcesBuildPhase section */

/* Begin PBXTargetDependency section */
		C3DE5DFA275B943100AB3BCA /* PBXTargetDependency */ = {
			isa = PBXTargetDependency;
			target = C3DE5DE1275B942D00AB3BCA /* TicTacToe */;
			targetProxy = C3DE5DF9275B943100AB3BCA /* PBXContainerItemProxy */;
		};
		C3DE5E04275B943100AB3BCA /* PBXTargetDependency */ = {
			isa = PBXTargetDependency;
			target = C3DE5DE1275B942D00AB3BCA /* TicTacToe */;
			targetProxy = C3DE5E03275B943100AB3BCA /* PBXContainerItemProxy */;
		};
/* End PBXTargetDependency section */

/* Begin PBXVariantGroup section */
		C3DE5DEB275B942D00AB3BCA /* Main.storyboard */ = {
			isa = PBXVariantGroup;
			children = (
				C3DE5DEC275B942D00AB3BCA /* Base */,
			);
			name = Main.storyboard;
			sourceTree = "<group>";
		};
		C3DE5DF0275B943000AB3BCA /* LaunchScreen.storyboard */ = {
			isa = PBXVariantGroup;
			children = (
				C3DE5DF1275B943000AB3BCA /* Base */,
			);
			name = LaunchScreen.storyboard;
			sourceTree = "<group>";
		};
/* End PBXVariantGroup section */

/* Begin XCBuildConfiguration section */
		C3DE5E0A275B943100AB3BCA /* Debug */ = {
			isa = XCBuildConfiguration;
			buildSettings = {
				ALWAYS_SEARCH_USER_PATHS = NO;
				CLANG_ANALYZER_NONNULL = YES;
				CLANG_ANALYZER_NUMBER_OBJECT_CONVERSION = YES_AGGRESSIVE;
				CLANG_CXX_LANGUAGE_STANDARD = "gnu++17";
				CLANG_CXX_LIBRARY = "libc++";
				CLANG_ENABLE_MODULES = YES;
				CLANG_ENABLE_OBJC_ARC = YES;
				CLANG_ENABLE_OBJC_WEAK = YES;
				CLANG_WARN_BLOCK_CAPTURE_AUTORELEASING = YES;
				CLANG_WARN_BOOL_CONVERSION = YES;
				CLANG_WARN_COMMA = YES;
				CLANG_WARN_CONSTANT_CONVERSION = YES;
				CLANG_WARN_DEPRECATED_OBJC_IMPLEMENTATIONS = YES;
				CLANG_WARN_DIRECT_OBJC_ISA_USAGE = YES_ERROR;
				CLANG_WARN_DOCUMENTATION_COMMENTS = YES;
				CLANG_WARN_EMPTY_BODY = YES;
				CLANG_WARN_ENUM_CONVERSION = YES;
				CLANG_WARN_INFINITE_RECURSION = YES;
				CLANG_WARN_INT_CONVERSION = YES;
				CLANG_WARN_NON_LITERAL_NULL_CONVERSION = YES;
				CLANG_WARN_OBJC_IMPLICIT_RETAIN_SELF = YES;
				CLANG_WARN_OBJC_LITERAL_CONVERSION = YES;
				CLANG_WARN_OBJC_ROOT_CLASS = YES_ERROR;
				CLANG_WARN_QUOTED_INCLUDE_IN_FRAMEWORK_HEADER = YES;
				CLANG_WARN_RANGE_LOOP_ANALYSIS = YES;
				CLANG_WARN_STRICT_PROTOTYPES = YES;
				CLANG_WARN_SUSPICIOUS_MOVE = YES;
				CLANG_WARN_UNGUARDED_AVAILABILITY = YES_AGGRESSIVE;
				CLANG_WARN_UNREACHABLE_CODE = YES;
				CLANG_WARN__DUPLICATE_METHOD_MATCH = YES;
				COPY_PHASE_STRIP = NO;
				DEBUG_INFORMATION_FORMAT = dwarf;
				ENABLE_STRICT_OBJC_MSGSEND = YES;
				ENABLE_TESTABILITY = YES;
				GCC_C_LANGUAGE_STANDARD = gnu11;
				GCC_DYNAMIC_NO_PIC = NO;
				GCC_NO_COMMON_BLOCKS = YES;
				GCC_OPTIMIZATION_LEVEL = 0;
				GCC_PREPROCESSOR_DEFINITIONS = (
					"DEBUG=1",
					"$(inherited)",
				);
				GCC_WARN_64_TO_32_BIT_CONVERSION = YES;
				GCC_WARN_ABOUT_RETURN_TYPE = YES_ERROR;
				GCC_WARN_UNDECLARED_SELECTOR = YES;
				GCC_WARN_UNINITIALIZED_AUTOS = YES_AGGRESSIVE;
				GCC_WARN_UNUSED_FUNCTION = YES;
				GCC_WARN_UNUSED_VARIABLE = YES;
				IPHONEOS_DEPLOYMENT_TARGET = 15.0;
				MTL_ENABLE_DEBUG_INFO = INCLUDE_SOURCE;
				MTL_FAST_MATH = YES;
				ONLY_ACTIVE_ARCH = YES;
				SDKROOT = iphoneos;
				SWIFT_ACTIVE_COMPILATION_CONDITIONS = DEBUG;
				SWIFT_OPTIMIZATION_LEVEL = "-Onone";
			};
			name = Debug;
		};
		C3DE5E0B275B943100AB3BCA /* Release */ = {
			isa = XCBuildConfiguration;
			buildSettings = {
				ALWAYS_SEARCH_USER_PATHS = NO;
				CLANG_ANALYZER_NONNULL = YES;
				CLANG_ANALYZER_NUMBER_OBJECT_CONVERSION = YES_AGGRESSIVE;
				CLANG_CXX_LANGUAGE_STANDARD = "gnu++17";
				CLANG_CXX_LIBRARY = "libc++";
				CLANG_ENABLE_MODULES = YES;
				CLANG_ENABLE_OBJC_ARC = YES;
				CLANG_ENABLE_OBJC_WEAK = YES;
				CLANG_WARN_BLOCK_CAPTURE_AUTORELEASING = YES;
				CLANG_WARN_BOOL_CONVERSION = YES;
				CLANG_WARN_COMMA = YES;
				CLANG_WARN_CONSTANT_CONVERSION = YES;
				CLANG_WARN_DEPRECATED_OBJC_IMPLEMENTATIONS = YES;
				CLANG_WARN_DIRECT_OBJC_ISA_USAGE = YES_ERROR;
				CLANG_WARN_DOCUMENTATION_COMMENTS = YES;
				CLANG_WARN_EMPTY_BODY = YES;
				CLANG_WARN_ENUM_CONVERSION = YES;
				CLANG_WARN_INFINITE_RECURSION = YES;
				CLANG_WARN_INT_CONVERSION = YES;
				CLANG_WARN_NON_LITERAL_NULL_CONVERSION = YES;
				CLANG_WARN_OBJC_IMPLICIT_RETAIN_SELF = YES;
				CLANG_WARN_OBJC_LITERAL_CONVERSION = YES;
				CLANG_WARN_OBJC_ROOT_CLASS = YES_ERROR;
				CLANG_WARN_QUOTED_INCLUDE_IN_FRAMEWORK_HEADER = YES;
				CLANG_WARN_RANGE_LOOP_ANALYSIS = YES;
				CLANG_WARN_STRICT_PROTOTYPES = YES;
				CLANG_WARN_SUSPICIOUS_MOVE = YES;
				CLANG_WARN_UNGUARDED_AVAILABILITY = YES_AGGRESSIVE;
				CLANG_WARN_UNREACHABLE_CODE = YES;
				CLANG_WARN__DUPLICATE_METHOD_MATCH = YES;
				COPY_PHASE_STRIP = NO;
				DEBUG_INFORMATION_FORMAT = "dwarf-with-dsym";
				ENABLE_NS_ASSERTIONS = NO;
				ENABLE_STRICT_OBJC_MSGSEND = YES;
				GCC_C_LANGUAGE_STANDARD = gnu11;
				GCC_NO_COMMON_BLOCKS = YES;
				GCC_WARN_64_TO_32_BIT_CONVERSION = YES;
				GCC_WARN_ABOUT_RETURN_TYPE = YES_ERROR;
				GCC_WARN_UNDECLARED_SELECTOR = YES;
				GCC_WARN_UNINITIALIZED_AUTOS = YES_AGGRESSIVE;
				GCC_WARN_UNUSED_FUNCTION = YES;
				GCC_WARN_UNUSED_VARIABLE = YES;
				IPHONEOS_DEPLOYMENT_TARGET = 15.0;
				MTL_ENABLE_DEBUG_INFO = NO;
				MTL_FAST_MATH = YES;
				SDKROOT = iphoneos;
				SWIFT_COMPILATION_MODE = wholemodule;
				SWIFT_OPTIMIZATION_LEVEL = "-O";
				VALIDATE_PRODUCT = YES;
			};
			name = Release;
		};
		C3DE5E0D275B943100AB3BCA /* Debug */ = {
			isa = XCBuildConfiguration;
			buildSettings = {
				ASSETCATALOG_COMPILER_APPICON_NAME = AppIcon;
				ASSETCATALOG_COMPILER_GLOBAL_ACCENT_COLOR_NAME = AccentColor;
				CODE_SIGN_STYLE = Automatic;
				CURRENT_PROJECT_VERSION = 1;
				DEVELOPMENT_TEAM = FP765K72GJ;
				GENERATE_INFOPLIST_FILE = YES;
				INFOPLIST_FILE = TicTacToe/Info.plist;
				INFOPLIST_KEY_UIApplicationSupportsIndirectInputEvents = YES;
				INFOPLIST_KEY_UILaunchStoryboardName = LaunchScreen;
				INFOPLIST_KEY_UIMainStoryboardFile = Main;
				INFOPLIST_KEY_UISupportedInterfaceOrientations_iPad = "UIInterfaceOrientationPortrait UIInterfaceOrientationPortraitUpsideDown UIInterfaceOrientationLandscapeLeft UIInterfaceOrientationLandscapeRight";
				INFOPLIST_KEY_UISupportedInterfaceOrientations_iPhone = "UIInterfaceOrientationPortrait UIInterfaceOrientationLandscapeLeft UIInterfaceOrientationLandscapeRight";
				LD_RUNPATH_SEARCH_PATHS = (
					"$(inherited)",
					"@executable_path/Frameworks",
				);
				MARKETING_VERSION = 1.0;
				PRODUCT_BUNDLE_IDENTIFIER = "Latifah-AlMulhim.TicTacToe";
				PRODUCT_NAME = "$(TARGET_NAME)";
				SWIFT_EMIT_LOC_STRINGS = YES;
				SWIFT_VERSION = 5.0;
				TARGETED_DEVICE_FAMILY = "1,2";
			};
			name = Debug;
		};
		C3DE5E0E275B943100AB3BCA /* Release */ = {
			isa = XCBuildConfiguration;
			buildSettings = {
				ASSETCATALOG_COMPILER_APPICON_NAME = AppIcon;
				ASSETCATALOG_COMPILER_GLOBAL_ACCENT_COLOR_NAME = AccentColor;
				CODE_SIGN_STYLE = Automatic;
				CURRENT_PROJECT_VERSION = 1;
				DEVELOPMENT_TEAM = FP765K72GJ;
				GENERATE_INFOPLIST_FILE = YES;
				INFOPLIST_FILE = TicTacToe/Info.plist;
				INFOPLIST_KEY_UIApplicationSupportsIndirectInputEvents = YES;
				INFOPLIST_KEY_UILaunchStoryboardName = LaunchScreen;
				INFOPLIST_KEY_UIMainStoryboardFile = Main;
				INFOPLIST_KEY_UISupportedInterfaceOrientations_iPad = "UIInterfaceOrientationPortrait UIInterfaceOrientationPortraitUpsideDown UIInterfaceOrientationLandscapeLeft UIInterfaceOrientationLandscapeRight";
				INFOPLIST_KEY_UISupportedInterfaceOrientations_iPhone = "UIInterfaceOrientationPortrait UIInterfaceOrientationLandscapeLeft UIInterfaceOrientationLandscapeRight";
				LD_RUNPATH_SEARCH_PATHS = (
					"$(inherited)",
					"@executable_path/Frameworks",
				);
				MARKETING_VERSION = 1.0;
				PRODUCT_BUNDLE_IDENTIFIER = "Latifah-AlMulhim.TicTacToe";
				PRODUCT_NAME = "$(TARGET_NAME)";
				SWIFT_EMIT_LOC_STRINGS = YES;
				SWIFT_VERSION = 5.0;
				TARGETED_DEVICE_FAMILY = "1,2";
			};
			name = Release;
		};
		C3DE5E10275B943100AB3BCA /* Debug */ = {
			isa = XCBuildConfiguration;
			buildSettings = {
				ALWAYS_EMBED_SWIFT_STANDARD_LIBRARIES = YES;
				BUNDLE_LOADER = "$(TEST_HOST)";
				CODE_SIGN_STYLE = Automatic;
				CURRENT_PROJECT_VERSION = 1;
				DEVELOPMENT_TEAM = FP765K72GJ;
				GENERATE_INFOPLIST_FILE = YES;
				IPHONEOS_DEPLOYMENT_TARGET = 15.0;
				LD_RUNPATH_SEARCH_PATHS = (
					"$(inherited)",
					"@executable_path/Frameworks",
					"@loader_path/Frameworks",
				);
				MARKETING_VERSION = 1.0;
				PRODUCT_BUNDLE_IDENTIFIER = "Latifah-AlMulhim.TicTacToeTests";
				PRODUCT_NAME = "$(TARGET_NAME)";
				SWIFT_EMIT_LOC_STRINGS = NO;
				SWIFT_VERSION = 5.0;
				TARGETED_DEVICE_FAMILY = "1,2";
				TEST_HOST = "$(BUILT_PRODUCTS_DIR)/TicTacToe.app/TicTacToe";
			};
			name = Debug;
		};
		C3DE5E11275B943100AB3BCA /* Release */ = {
			isa = XCBuildConfiguration;
			buildSettings = {
				ALWAYS_EMBED_SWIFT_STANDARD_LIBRARIES = YES;
				BUNDLE_LOADER = "$(TEST_HOST)";
				CODE_SIGN_STYLE = Automatic;
				CURRENT_PROJECT_VERSION = 1;
				DEVELOPMENT_TEAM = FP765K72GJ;
				GENERATE_INFOPLIST_FILE = YES;
				IPHONEOS_DEPLOYMENT_TARGET = 15.0;
				LD_RUNPATH_SEARCH_PATHS = (
					"$(inherited)",
					"@executable_path/Frameworks",
					"@loader_path/Frameworks",
				);
				MARKETING_VERSION = 1.0;
				PRODUCT_BUNDLE_IDENTIFIER = "Latifah-AlMulhim.TicTacToeTests";
				PRODUCT_NAME = "$(TARGET_NAME)";
				SWIFT_EMIT_LOC_STRINGS = NO;
				SWIFT_VERSION = 5.0;
				TARGETED_DEVICE_FAMILY = "1,2";
				TEST_HOST = "$(BUILT_PRODUCTS_DIR)/TicTacToe.app/TicTacToe";
			};
			name = Release;
		};
		C3DE5E13275B943100AB3BCA /* Debug */ = {
			isa = XCBuildConfiguration;
			buildSettings = {
				ALWAYS_EMBED_SWIFT_STANDARD_LIBRARIES = YES;
				CODE_SIGN_STYLE = Automatic;
				CURRENT_PROJECT_VERSION = 1;
				DEVELOPMENT_TEAM = FP765K72GJ;
				GENERATE_INFOPLIST_FILE = YES;
				LD_RUNPATH_SEARCH_PATHS = (
					"$(inherited)",
					"@executable_path/Frameworks",
					"@loader_path/Frameworks",
				);
				MARKETING_VERSION = 1.0;
				PRODUCT_BUNDLE_IDENTIFIER = "Latifah-AlMulhim.TicTacToeUITests";
				PRODUCT_NAME = "$(TARGET_NAME)";
				SWIFT_EMIT_LOC_STRINGS = NO;
				SWIFT_VERSION = 5.0;
				TARGETED_DEVICE_FAMILY = "1,2";
				TEST_TARGET_NAME = TicTacToe;
			};
			name = Debug;
		};
		C3DE5E14275B943100AB3BCA /* Release */ = {
			isa = XCBuildConfiguration;
			buildSettings = {
				ALWAYS_EMBED_SWIFT_STANDARD_LIBRARIES = YES;
				CODE_SIGN_STYLE = Automatic;
				CURRENT_PROJECT_VERSION = 1;
				DEVELOPMENT_TEAM = FP765K72GJ;
				GENERATE_INFOPLIST_FILE = YES;
				LD_RUNPATH_SEARCH_PATHS = (
					"$(inherited)",
					"@executable_path/Frameworks",
					"@loader_path/Frameworks",
				);
				MARKETING_VERSION = 1.0;
				PRODUCT_BUNDLE_IDENTIFIER = "Latifah-AlMulhim.TicTacToeUITests";
				PRODUCT_NAME = "$(TARGET_NAME)";
				SWIFT_EMIT_LOC_STRINGS = NO;
				SWIFT_VERSION = 5.0;
				TARGETED_DEVICE_FAMILY = "1,2";
				TEST_TARGET_NAME = TicTacToe;
			};
			name = Release;
		};
/* End XCBuildConfiguration section */

/* Begin XCConfigurationList section */
		C3DE5DDD275B942D00AB3BCA /* Build configuration list for PBXProject "TicTacToe" */ = {
			isa = XCConfigurationList;
			buildConfigurations = (
				C3DE5E0A275B943100AB3BCA /* Debug */,
				C3DE5E0B275B943100AB3BCA /* Release */,
			);
			defaultConfigurationIsVisible = 0;
			defaultConfigurationName = Release;
		};
		C3DE5E0C275B943100AB3BCA /* Build configuration list for PBXNativeTarget "TicTacToe" */ = {
			isa = XCConfigurationList;
			buildConfigurations = (
				C3DE5E0D275B943100AB3BCA /* Debug */,
				C3DE5E0E275B943100AB3BCA /* Release */,
			);
			defaultConfigurationIsVisible = 0;
			defaultConfigurationName = Release;
		};
		C3DE5E0F275B943100AB3BCA /* Build configuration list for PBXNativeTarget "TicTacToeTests" */ = {
			isa = XCConfigurationList;
			buildConfigurations = (
				C3DE5E10275B943100AB3BCA /* Debug */,
				C3DE5E11275B943100AB3BCA /* Release */,
			);
			defaultConfigurationIsVisible = 0;
			defaultConfigurationName = Release;
		};
		C3DE5E12275B943100AB3BCA /* Build configuration list for PBXNativeTarget "TicTacToeUITests" */ = {
			isa = XCConfigurationList;
			buildConfigurations = (
				C3DE5E13275B943100AB3BCA /* Debug */,
				C3DE5E14275B943100AB3BCA /* Release */,
			);
			defaultConfigurationIsVisible = 0;
			defaultConfigurationName = Release;
		};
/* End XCConfigurationList section */
	};
	rootObject = C3DE5DDA275B942D00AB3BCA /* Project object */;
}
